{
  "name": "@code-dot-org/p5-replay",
  "version": "0.0.0",
  "lockfileVersion": 1,
  "requires": true,
  "dependencies": {
    "@code-dot-org/p5.play": {
      "version": "1.2.2-cdo",
      "resolved": "https://registry.npmjs.org/@code-dot-org/p5.play/-/p5.play-1.2.2-cdo.tgz",
      "integrity": "sha1-rqEO5hpuSUW2kc3+qnWBhh7+LWA="
    },
    "canvas": {
      "version": "1.6.11",
      "resolved": "https://registry.npmjs.org/canvas/-/canvas-1.6.11.tgz",
      "integrity": "sha512-ElVw5Uk8PReGpzXfDg6PDa+wntnZLGWWfdSHI0Pc8GyXiFbW13drSTzWU6C4E5QylHe+FnLqI7ngMRlp3eGZIQ==",
      "requires": {
        "nan": "^2.10.0"
      }
    },
    "nan": {
      "version": "2.10.0",
      "resolved": "https://registry.npmjs.org/nan/-/nan-2.10.0.tgz",
      "integrity": "sha512-bAdJv7fBLhWC+/Bls0Oza+mvTaNQtP+1RyhhhvD95pgUJz6XM5IzgmxOkItJ9tkoCiplvAnXI1tNmmUD/eScyA=="
    },
    "p5": {
      "version": "0.7.1",
      "resolved": "https://registry.npmjs.org/p5/-/p5-0.7.1.tgz",
      "integrity": "sha512-8/bB0k7iR5UxR9QhmqIIFIIZ45WCxxKm15ns0iR3wnV3o6skyiNrcW+mF1DO6HsouSDayR2/70IyDwUZE/2YDQ=="
    }
  }
}
